
Microsoft Visual Studio Solution File, Format Version 12.00
# Visual Studio 2012
Project("{FAE04EC0-301F-11D3-BF4B-00C04F79EFBC}") = "QuadTree", "QuadTree\QuadTree.csproj", "{54BB97CA-A0F0-46EF-8D94-1E11561CCF5B}"
EndProject
Global
	GlobalSection(SolutionConfigurationPlatforms) = preSolution
		Debug|Any CPU = Debug|Any CPU
		Release|Any CPU = Release|Any CPU
	EndGlobalSection
	GlobalSection(ProjectConfigurationPlatforms) = postSolution
		{54BB97CA-A0F0-46EF-8D94-1E11561CCF5B}.Debug|Any CPU.ActiveCfg = Debug|Any CPU
		{54BB97CA-A0F0-46EF-8D94-1E11561CCF5B}.Debug|Any CPU.Build.0 = Debug|Any CPU
		{54BB97CA-A0F0-46EF-8D94-1E11561CCF5B}.Release|Any CPU.ActiveCfg = Release|Any CPU
		{54BB97CA-A0F0-46EF-8D94-1E11561CCF5B}.Release|Any CPU.Build.0 = Release|Any CPU
	EndGlobalSection
	GlobalSection(SolutionProperties) = preSolution
		HideSolutionNode = FALSE
	EndGlobalSection
EndGlobal
